{
  "name": "alexis",
  "version": "1.0.0",
  "lockfileVersion": 3,
  "requires": true,
  "packages": {
    "": {
      "name": "alexis",
      "version": "1.0.0",
      "license": "ISC",
      "devDependencies": {
        "chrome-types": "^0.1.267"
      }
    },
    "node_modules/chrome-types": {
      "version": "0.1.267",
      "resolved": "https://registry.npmjs.org/chrome-types/-/chrome-types-0.1.267.tgz",
      "integrity": "sha512-13iihWFu1TXbv45wws/LlMTYpjP5yRttJtmAYi850ugM7W+C80M8kBZ8K3W0BdG5oA0bALNy0VMGLgh97COXWg==",
      "dev": true
    }
  }
}
